
Microsoft Visual Studio Solution File, Format Version 12.00
# Visual Studio Version 17
VisualStudioVersion = 17.6.33815.320
MinimumVisualStudioVersion = 10.0.40219.1
Project("{9A19103F-16F7-4668-BE54-9A1E7A4F7556}") = "GTA 5 RP Bot", "GTA 5 RP Bot\GTA 5 RP Bot.csproj", "{08250BA5-0CB3-42F9-B417-403D47323BC2}"
EndProject
Global
	GlobalSection(SolutionConfigurationPlatforms) = preSolution
		Debug|Any CPU = Debug|Any CPU
		Release|Any CPU = Release|Any CPU
	EndGlobalSection
	GlobalSection(ProjectConfigurationPlatforms) = postSolution
		{08250BA5-0CB3-42F9-B417-403D47323BC2}.Debug|Any CPU.ActiveCfg = Debug|Any CPU
		{08250BA5-0CB3-42F9-B417-403D47323BC2}.Debug|Any CPU.Build.0 = Debug|Any CPU
		{08250BA5-0CB3-42F9-B417-403D47323BC2}.Release|Any CPU.ActiveCfg = Release|Any CPU
		{08250BA5-0CB3-42F9-B417-403D47323BC2}.Release|Any CPU.Build.0 = Release|Any CPU
	EndGlobalSection
	GlobalSection(SolutionProperties) = preSolution
		HideSolutionNode = FALSE
	EndGlobalSection
	GlobalSection(ExtensibilityGlobals) = postSolution
		SolutionGuid = {C59B78C7-083A-46EF-95A7-0CE5CAE200E0}
	EndGlobalSection
EndGlobal
